<?xml version="1.0" encoding="utf-8"?>
<Project ToolsVersion="4.0" xmlns="http://schemas.microsoft.com/developer/msbuild/2003">
  <ItemGroup>
    <Filter Include="ソース ファイル">
      <UniqueIdentifier>{4FC737F1-C7A5-4376-A066-2A32D752A2FF}</UniqueIdentifier>
      <Extensions>cpp;c;cc;cxx;def;odl;idl;hpj;bat;asm;asmx</Extensions>
    </Filter>
    <Filter Include="ヘッダー ファイル">
      <UniqueIdentifier>{93995380-89BD-4b04-88EB-625FBE52EBFB}</UniqueIdentifier>
      <Extensions>h;hh;hpp;hxx;hm;inl;inc;ipp;xsd</Extensions>
    </Filter>
    <Filter Include="リソース ファイル">
      <UniqueIdentifier>{67DA6AB6-F800-4c08-8B7A-83BB121AAD01}</UniqueIdentifier>
      <Extensions>rc;ico;cur;bmp;dlg;rc2;rct;bin;rgs;gif;jpg;jpeg;jpe;resx;tiff;tif;png;wav;mfcribbon-ms</Extensions>
    </Filter>
    <Filter Include="33z9">
      <UniqueIdentifier>{3df409c9-8e1f-4282-b5c7-d7abdab3bf16}</UniqueIdentifier>
    </Filter>
    <Filter Include="33z9_test">
      <UniqueIdentifier>{4b3ac177-b18a-4448-85d5-fd85a4ffdc45}</UniqueIdentifier>
    </Filter>
  </ItemGroup>
  <ItemGroup>
    <ClCompile Include="main.cpp">
      <Filter>ソース ファイル</Filter>
    </ClCompile>
    <ClCompile Include="33z9_test\lockfree_queue_test.cpp">
      <Filter>33z9_test</Filter>
    </ClCompile>
  </ItemGroup>
  <ItemGroup>
    <ClInclude Include="33z9\error_code.h">
      <Filter>33z9</Filter>
    </ClInclude>
    <ClInclude Include="33z9\lockfree_queue.h">
      <Filter>33z9</Filter>
    </ClInclude>
    <ClInclude Include="33z9_test\lockfree_queue_test.h">
      <Filter>33z9_test</Filter>
    </ClInclude>
  </ItemGroup>
</Project>